
Microsoft Visual Studio Solution File, Format Version 12.00
# Visual Studio Express 15 for Windows Desktop
VisualStudioVersion = 15.0.28307.757
MinimumVisualStudioVersion = 10.0.40219.1
Project("{FAE04EC0-301F-11D3-BF4B-00C04F79EFBC}") = "CodeChallenges", "CodeChallenges\CodeChallenges.csproj", "{5E04F26C-2DAB-4D4C-9535-F6D5A7E5106D}"
EndProject
Global
	GlobalSection(SolutionConfigurationPlatforms) = preSolution
		Debug|Any CPU = Debug|Any CPU
		Release|Any CPU = Release|Any CPU
	EndGlobalSection
	GlobalSection(ProjectConfigurationPlatforms) = postSolution
		{5E04F26C-2DAB-4D4C-9535-F6D5A7E5106D}.Debug|Any CPU.ActiveCfg = Debug|Any CPU
		{5E04F26C-2DAB-4D4C-9535-F6D5A7E5106D}.Debug|Any CPU.Build.0 = Debug|Any CPU
		{5E04F26C-2DAB-4D4C-9535-F6D5A7E5106D}.Release|Any CPU.ActiveCfg = Release|Any CPU
		{5E04F26C-2DAB-4D4C-9535-F6D5A7E5106D}.Release|Any CPU.Build.0 = Release|Any CPU
	EndGlobalSection
	GlobalSection(SolutionProperties) = preSolution
		HideSolutionNode = FALSE
	EndGlobalSection
	GlobalSection(ExtensibilityGlobals) = postSolution
		SolutionGuid = {FE3BFDB6-DE2B-45A6-B20B-F39997E3E61B}
	EndGlobalSection
EndGlobal
